
Microsoft Visual Studio Solution File, Format Version 12.00
# Visual Studio Version 16
VisualStudioVersion = 16.0.30011.22
MinimumVisualStudioVersion = 10.0.40219.1
Project("{FAE04EC0-301F-11D3-BF4B-00C04F79EFBC}") = "OvercookedControlsPatcher", "OvercookedControlsPatcher\OvercookedControlsPatcher.csproj", "{F6F05B39-F14C-477F-AFF6-731E73565B3A}"
EndProject
Global
	GlobalSection(SolutionConfigurationPlatforms) = preSolution
		Debug|Any CPU = Debug|Any CPU
		Release|Any CPU = Release|Any CPU
	EndGlobalSection
	GlobalSection(ProjectConfigurationPlatforms) = postSolution
		{F6F05B39-F14C-477F-AFF6-731E73565B3A}.Debug|Any CPU.ActiveCfg = Debug|Any CPU
		{F6F05B39-F14C-477F-AFF6-731E73565B3A}.Debug|Any CPU.Build.0 = Debug|Any CPU
		{F6F05B39-F14C-477F-AFF6-731E73565B3A}.Release|Any CPU.ActiveCfg = Release|Any CPU
		{F6F05B39-F14C-477F-AFF6-731E73565B3A}.Release|Any CPU.Build.0 = Release|Any CPU
	EndGlobalSection
	GlobalSection(SolutionProperties) = preSolution
		HideSolutionNode = FALSE
	EndGlobalSection
	GlobalSection(ExtensibilityGlobals) = postSolution
		SolutionGuid = {B817F921-07A3-4485-9D73-2F03582E80F0}
	EndGlobalSection
EndGlobal
